
Microsoft Visual Studio Solution File, Format Version 12.00
# Visual Studio Version 16
VisualStudioVersion = 16.0.31205.134
MinimumVisualStudioVersion = 10.0.40219.1
Project("{9A19103F-16F7-4668-BE54-9A1E7A4F7556}") = "BarleyBreakApi", "BarleyBreakApi.csproj", "{B82A148B-1DA9-4B55-B816-DB5B44491DD7}"
EndProject
Project("{9A19103F-16F7-4668-BE54-9A1E7A4F7556}") = "BLL", "..\BLL\BLL.csproj", "{BCBE4188-551D-4790-97C1-EB876D78FFFF}"
EndProject
Project("{FAE04EC0-301F-11D3-BF4B-00C04F79EFBC}") = "IoC", "..\IoC\IoC.csproj", "{C06A53C7-116E-4F8F-976E-323D7EDEE4D0}"
EndProject
Project("{FAE04EC0-301F-11D3-BF4B-00C04F79EFBC}") = "Core", "..\Core\Core.csproj", "{E5F770EF-3B82-4C48-94DB-7B250EFB1459}"
EndProject
Project("{FAE04EC0-301F-11D3-BF4B-00C04F79EFBC}") = "DAL", "..\DAL\DAL.csproj", "{41C7ED87-6518-470F-A77F-383D5147DB6F}"
EndProject
Global
	GlobalSection(SolutionConfigurationPlatforms) = preSolution
		Debug|Any CPU = Debug|Any CPU
		Release|Any CPU = Release|Any CPU
	EndGlobalSection
	GlobalSection(ProjectConfigurationPlatforms) = postSolution
		{B82A148B-1DA9-4B55-B816-DB5B44491DD7}.Debug|Any CPU.ActiveCfg = Debug|Any CPU
		{B82A148B-1DA9-4B55-B816-DB5B44491DD7}.Debug|Any CPU.Build.0 = Debug|Any CPU
		{B82A148B-1DA9-4B55-B816-DB5B44491DD7}.Release|Any CPU.ActiveCfg = Release|Any CPU
		{B82A148B-1DA9-4B55-B816-DB5B44491DD7}.Release|Any CPU.Build.0 = Release|Any CPU
		{BCBE4188-551D-4790-97C1-EB876D78FFFF}.Debug|Any CPU.ActiveCfg = Debug|Any CPU
		{BCBE4188-551D-4790-97C1-EB876D78FFFF}.Debug|Any CPU.Build.0 = Debug|Any CPU
		{BCBE4188-551D-4790-97C1-EB876D78FFFF}.Release|Any CPU.ActiveCfg = Release|Any CPU
		{BCBE4188-551D-4790-97C1-EB876D78FFFF}.Release|Any CPU.Build.0 = Release|Any CPU
		{C06A53C7-116E-4F8F-976E-323D7EDEE4D0}.Debug|Any CPU.ActiveCfg = Debug|Any CPU
		{C06A53C7-116E-4F8F-976E-323D7EDEE4D0}.Debug|Any CPU.Build.0 = Debug|Any CPU
		{C06A53C7-116E-4F8F-976E-323D7EDEE4D0}.Release|Any CPU.ActiveCfg = Release|Any CPU
		{C06A53C7-116E-4F8F-976E-323D7EDEE4D0}.Release|Any CPU.Build.0 = Release|Any CPU
		{E5F770EF-3B82-4C48-94DB-7B250EFB1459}.Debug|Any CPU.ActiveCfg = Debug|Any CPU
		{E5F770EF-3B82-4C48-94DB-7B250EFB1459}.Debug|Any CPU.Build.0 = Debug|Any CPU
		{E5F770EF-3B82-4C48-94DB-7B250EFB1459}.Release|Any CPU.ActiveCfg = Release|Any CPU
		{E5F770EF-3B82-4C48-94DB-7B250EFB1459}.Release|Any CPU.Build.0 = Release|Any CPU
		{41C7ED87-6518-470F-A77F-383D5147DB6F}.Debug|Any CPU.ActiveCfg = Debug|Any CPU
		{41C7ED87-6518-470F-A77F-383D5147DB6F}.Debug|Any CPU.Build.0 = Debug|Any CPU
		{41C7ED87-6518-470F-A77F-383D5147DB6F}.Release|Any CPU.ActiveCfg = Release|Any CPU
		{41C7ED87-6518-470F-A77F-383D5147DB6F}.Release|Any CPU.Build.0 = Release|Any CPU
	EndGlobalSection
	GlobalSection(SolutionProperties) = preSolution
		HideSolutionNode = FALSE
	EndGlobalSection
	GlobalSection(ExtensibilityGlobals) = postSolution
		SolutionGuid = {5564F55E-6D0C-45D5-9481-AF3026BA7C7B}
	EndGlobalSection
EndGlobal
